
Microsoft Visual Studio Solution File, Format Version 12.00
# Visual Studio Version 17
VisualStudioVersion = 17.0.31903.59
MinimumVisualStudioVersion = 10.0.40219.1
Project("{2150E333-8FDC-42A3-9474-1A3956D46DE8}") = "apps", "apps", "{1787FE1D-075E-9E68-7218-25F1BD1BBEAB}"
EndProject
Project("{2150E333-8FDC-42A3-9474-1A3956D46DE8}") = "backend", "backend", "{270F7A58-C097-D64B-0343-582534E94D4F}"
EndProject
Project("{FAE04EC0-301F-11D3-BF4B-00C04F79EFBC}") = "FinanceAI.Api", "apps\backend\FinanceAI.Api.csproj", "{C8264D13-1FF2-4993-BA1D-9F184A7C585C}"
EndProject
Global
	GlobalSection(SolutionConfigurationPlatforms) = preSolution
		Debug|Any CPU = Debug|Any CPU
		Debug|x64 = Debug|x64
		Debug|x86 = Debug|x86
		Release|Any CPU = Release|Any CPU
		Release|x64 = Release|x64
		Release|x86 = Release|x86
	EndGlobalSection
	GlobalSection(SolutionProperties) = preSolution
		HideSolutionNode = FALSE
	EndGlobalSection
	GlobalSection(NestedProjects) = preSolution
		{270F7A58-C097-D64B-0343-582534E94D4F} = {1787FE1D-075E-9E68-7218-25F1BD1BBEAB}
		{C8264D13-1FF2-4993-BA1D-9F184A7C585C} = {270F7A58-C097-D64B-0343-582534E94D4F}
	EndGlobalSection
	GlobalSection(ProjectConfigurationPlatforms) = postSolution
		{C8264D13-1FF2-4993-BA1D-9F184A7C585C}.Debug|Any CPU.ActiveCfg = Debug|Any CPU
		{C8264D13-1FF2-4993-BA1D-9F184A7C585C}.Debug|Any CPU.Build.0 = Debug|Any CPU
		{C8264D13-1FF2-4993-BA1D-9F184A7C585C}.Debug|x64.ActiveCfg = Debug|Any CPU
		{C8264D13-1FF2-4993-BA1D-9F184A7C585C}.Debug|x64.Build.0 = Debug|Any CPU
		{C8264D13-1FF2-4993-BA1D-9F184A7C585C}.Debug|x86.ActiveCfg = Debug|Any CPU
		{C8264D13-1FF2-4993-BA1D-9F184A7C585C}.Debug|x86.Build.0 = Debug|Any CPU
		{C8264D13-1FF2-4993-BA1D-9F184A7C585C}.Release|Any CPU.ActiveCfg = Release|Any CPU
		{C8264D13-1FF2-4993-BA1D-9F184A7C585C}.Release|Any CPU.Build.0 = Release|Any CPU
		{C8264D13-1FF2-4993-BA1D-9F184A7C585C}.Release|x64.ActiveCfg = Release|Any CPU
		{C8264D13-1FF2-4993-BA1D-9F184A7C585C}.Release|x64.Build.0 = Release|Any CPU
		{C8264D13-1FF2-4993-BA1D-9F184A7C585C}.Release|x86.ActiveCfg = Release|Any CPU
		{C8264D13-1FF2-4993-BA1D-9F184A7C585C}.Release|x86.Build.0 = Release|Any CPU
	EndGlobalSection
EndGlobal
